
Microsoft Visual Studio Solution File, Format Version 12.00
# Visual Studio 14
VisualStudioVersion = 14.0.23107.0
MinimumVisualStudioVersion = 10.0.40219.1
Project("{FAE04EC0-301F-11D3-BF4B-00C04F79EFBC}") = "SB.Calculator", "SB.Calculator\SB.Calculator.csproj", "{5F053D39-9739-4272-9AFA-F0F18D01522B}"
EndProject
Project("{FAE04EC0-301F-11D3-BF4B-00C04F79EFBC}") = "SB.Calculator.UnitTests", "SB.Calculator.UnitTests\SB.Calculator.UnitTests.csproj", "{EEB0F6EA-C848-4960-BCB1-73F0DFEAD804}"
EndProject
Global
	GlobalSection(SolutionConfigurationPlatforms) = preSolution
		Debug|Any CPU = Debug|Any CPU
		Release|Any CPU = Release|Any CPU
	EndGlobalSection
	GlobalSection(ProjectConfigurationPlatforms) = postSolution
		{5F053D39-9739-4272-9AFA-F0F18D01522B}.Debug|Any CPU.ActiveCfg = Debug|Any CPU
		{5F053D39-9739-4272-9AFA-F0F18D01522B}.Debug|Any CPU.Build.0 = Debug|Any CPU
		{5F053D39-9739-4272-9AFA-F0F18D01522B}.Release|Any CPU.ActiveCfg = Release|Any CPU
		{5F053D39-9739-4272-9AFA-F0F18D01522B}.Release|Any CPU.Build.0 = Release|Any CPU
		{EEB0F6EA-C848-4960-BCB1-73F0DFEAD804}.Debug|Any CPU.ActiveCfg = Debug|Any CPU
		{EEB0F6EA-C848-4960-BCB1-73F0DFEAD804}.Debug|Any CPU.Build.0 = Debug|Any CPU
		{EEB0F6EA-C848-4960-BCB1-73F0DFEAD804}.Release|Any CPU.ActiveCfg = Release|Any CPU
		{EEB0F6EA-C848-4960-BCB1-73F0DFEAD804}.Release|Any CPU.Build.0 = Release|Any CPU
	EndGlobalSection
	GlobalSection(SolutionProperties) = preSolution
		HideSolutionNode = FALSE
	EndGlobalSection
EndGlobal
